<?xml version="1.0" encoding="utf-8"?>
<Project ToolsVersion="4.0" xmlns="http://schemas.microsoft.com/developer/msbuild/2003">
  <ItemGroup>
    <ClInclude Include="WormsCore.h" />
    <ClInclude Include="TitleLevel.h">
      <Filter>Title</Filter>
    </ClInclude>
    <ClInclude Include="CenterLevel.h" />
  </ItemGroup>
  <ItemGroup>
    <ClCompile Include="WormsCore.cpp" />
    <ClCompile Include="TitleLevel.cpp">
      <Filter>Title</Filter>
    </ClCompile>
    <ClCompile Include="CenterLevel.cpp" />
  </ItemGroup>
  <ItemGroup>
    <Filter Include="Play">
      <UniqueIdentifier>{dbe06dfd-001e-4f83-800b-981e80d33e75}</UniqueIdentifier>
    </Filter>
    <Filter Include="Title">
      <UniqueIdentifier>{e319163e-7f2f-4f80-b187-882031d15de9}</UniqueIdentifier>
    </Filter>
  </ItemGroup>
</Project>