<?xml version="1.0" encoding="utf-8"?>
<Project ToolsVersion="4.0" xmlns="http://schemas.microsoft.com/developer/msbuild/2003">
  <ItemGroup>
    <ClInclude Include="WormsCore.h" />
    <ClInclude Include="TitleLevel.h">
      <Filter>Title</Filter>
    </ClInclude>
    <ClInclude Include="CenterLevel.h">
      <Filter>Center</Filter>
    </ClInclude>
    <ClInclude Include="ContentsEnums.h" />
    <ClInclude Include="Weapon.h">
      <Filter>Weapon</Filter>
    </ClInclude>
    <ClInclude Include="PlayLevel.h">
      <Filter>Play</Filter>
    </ClInclude>
    <ClInclude Include="WeaponBazooka.h">
      <Filter>Weapon</Filter>
    </ClInclude>
    <ClInclude Include="WeaponShotgun.h">
      <Filter>Weapon</Filter>
    </ClInclude>
    <ClInclude Include="Map.h">
      <Filter>Play\Map</Filter>
    </ClInclude>
    <ClInclude Include="MapModifier.h">
      <Filter>Play\Map</Filter>
    </ClInclude>
    <ClInclude Include="ContentsEnums.h" />
    <ClInclude Include="TitleBack.h">
      <Filter>Title</Filter>
    </ClInclude>
    <ClInclude Include="WeaponGrenade.h">
      <Filter>Weapon</Filter>
    </ClInclude>
    <ClInclude Include="TestLevel.h">
      <Filter>Test</Filter>
    </ClInclude>
    <ClInclude Include="WeaponSheep.h">
      <Filter>Weapon</Filter>
    </ClInclude>
    <ClInclude Include="Player.h">
      <Filter>Play\Player</Filter>
    </ClInclude>
    <ClInclude Include="PlayerHPUI.h">
      <Filter>Play\Player</Filter>
    </ClInclude>
    <ClInclude Include="PlayerGetDamagedUI.h">
      <Filter>Play\Player</Filter>
    </ClInclude>
  </ItemGroup>
  <ItemGroup>
    <ClCompile Include="WormsCore.cpp" />
    <ClCompile Include="TitleLevel.cpp">
      <Filter>Title</Filter>
    </ClCompile>
    <ClCompile Include="CenterLevel.cpp">
      <Filter>Center</Filter>
    </ClCompile>
    <ClCompile Include="PlayLevel.cpp">
      <Filter>Play</Filter>
    </ClCompile>
    <ClCompile Include="Weapon.cpp">
      <Filter>Weapon</Filter>
    </ClCompile>
    <ClCompile Include="WeaponBazooka.cpp">
      <Filter>Weapon</Filter>
    </ClCompile>
    <ClCompile Include="WeaponShotgun.cpp">
      <Filter>Weapon</Filter>
    </ClCompile>
    <ClCompile Include="Map.cpp">
      <Filter>Play\Map</Filter>
    </ClCompile>
    <ClCompile Include="MapModifier.cpp">
      <Filter>Play\Map</Filter>
    </ClCompile>
    <ClCompile Include="TitleBack.cpp">
      <Filter>Title</Filter>
    </ClCompile>
    <ClCompile Include="WeaponGrenade.cpp">
      <Filter>Weapon</Filter>
    </ClCompile>
    <ClCompile Include="TestLevel.cpp">
      <Filter>Test</Filter>
    </ClCompile>
    <ClCompile Include="WeaponSheep.cpp">
      <Filter>Weapon</Filter>
    </ClCompile>
    <ClCompile Include="Player.cpp">
      <Filter>Play\Player</Filter>
    </ClCompile>
    <ClCompile Include="Player_State.cpp">
      <Filter>Play\Player</Filter>
    </ClCompile>
    <ClCompile Include="PlayerHPUI.cpp">
      <Filter>Play\Player</Filter>
    </ClCompile>
    <ClCompile Include="PlayerGetDamagedUI.cpp">
      <Filter>Play\Player</Filter>
    </ClCompile>
  </ItemGroup>
  <ItemGroup>
    <Filter Include="Play">
      <UniqueIdentifier>{dbe06dfd-001e-4f83-800b-981e80d33e75}</UniqueIdentifier>
    </Filter>
    <Filter Include="Title">
      <UniqueIdentifier>{e319163e-7f2f-4f80-b187-882031d15de9}</UniqueIdentifier>
    </Filter>
    <Filter Include="Center">
      <UniqueIdentifier>{e22b4451-24a8-41b8-8a4d-637a173a2372}</UniqueIdentifier>
    </Filter>
    <Filter Include="Weapon">
      <UniqueIdentifier>{2fb70536-a1e2-4cfa-b96c-8b40110dc234}</UniqueIdentifier>
    </Filter>
    <Filter Include="Play\Map">
      <UniqueIdentifier>{73d77194-5812-4306-8014-e0fc45caa6d0}</UniqueIdentifier>
    </Filter>
    <Filter Include="Test">
      <UniqueIdentifier>{5892ccdb-0504-4db6-8493-534a1f331bd5}</UniqueIdentifier>
    </Filter>
    <Filter Include="Play\Player">
      <UniqueIdentifier>{9dfcc9c0-f48f-4242-913c-1ed40b1d78d9}</UniqueIdentifier>
    </Filter>
  </ItemGroup>
</Project>